
Microsoft Visual Studio Solution File, Format Version 12.00
# Visual Studio Version 17
VisualStudioVersion = 17.4.33205.214
MinimumVisualStudioVersion = 10.0.40219.1
Project("{FAE04EC0-301F-11D3-BF4B-00C04F79EFBC}") = "CMS_CORE_NG", "CMS_CORE_NG.csproj", "{E4D619CD-EBE8-4BA3-816A-BBAE0D5AD4E7}"
EndProject
Global
	GlobalSection(SolutionConfigurationPlatforms) = preSolution
		Debug|Any CPU = Debug|Any CPU
		Release|Any CPU = Release|Any CPU
	EndGlobalSection
	GlobalSection(ProjectConfigurationPlatforms) = postSolution
		{E4D619CD-EBE8-4BA3-816A-BBAE0D5AD4E7}.Debug|Any CPU.ActiveCfg = Debug|Any CPU
		{E4D619CD-EBE8-4BA3-816A-BBAE0D5AD4E7}.Debug|Any CPU.Build.0 = Debug|Any CPU
		{E4D619CD-EBE8-4BA3-816A-BBAE0D5AD4E7}.Release|Any CPU.ActiveCfg = Release|Any CPU
		{E4D619CD-EBE8-4BA3-816A-BBAE0D5AD4E7}.Release|Any CPU.Build.0 = Release|Any CPU
	EndGlobalSection
	GlobalSection(SolutionProperties) = preSolution
		HideSolutionNode = FALSE
	EndGlobalSection
	GlobalSection(ExtensibilityGlobals) = postSolution
		SolutionGuid = {1B6929A5-AD31-4C99-B814-E03C430ADC71}
	EndGlobalSection
EndGlobal
